Microsoft Visual Studio Solution File, Format Version 11.00
# Visual Studio 2008

Project("{86ED1599-2557-5FE5-9FD2-CD447541039C}") = "cozmoRun", "Assembly-CSharp.csproj", "{CAE734A6-D009-F52F-62A9-17DD62DBB8EF}"
EndProject
Global
	GlobalSection(SolutionConfigurationPlatforms) = preSolution
		Debug|Any CPU = Debug|Any CPU
		Release|Any CPU = Release|Any CPU
	EndGlobalSection
	GlobalSection(ProjectConfigurationPlatforms) = postSolution
		{CAE734A6-D009-F52F-62A9-17DD62DBB8EF}.Debug|Any CPU.ActiveCfg = Debug|Any CPU
		{CAE734A6-D009-F52F-62A9-17DD62DBB8EF}.Debug|Any CPU.Build.0 = Debug|Any CPU
		{CAE734A6-D009-F52F-62A9-17DD62DBB8EF}.Release|Any CPU.ActiveCfg = Release|Any CPU
		{CAE734A6-D009-F52F-62A9-17DD62DBB8EF}.Release|Any CPU.Build.0 = Release|Any CPU
	EndGlobalSection
	GlobalSection(SolutionProperties) = preSolution
		HideSolutionNode = FALSE
	EndGlobalSection
	GlobalSection(MonoDevelopProperties) = preSolution
		StartupItem = Assembly-CSharp.csproj
	EndGlobalSection
EndGlobal
